{
  "lockfile_version": "1",
  "packages": {
    "direnv@2": {
      "last_modified": "2026-06-05T19:07:58Z",
      "resolved": "github:NixOS/nixpkgs/891eaa77f0eed53352194677991bd30978f9b0ad#direnv",
      "source": "devbox-search",
      "version": "2.37.1",
      "systems": {
        "aarch64-darwin": {
          "outputs": [
            {
              "name": "out",
              "path": "/nix/store/k4zng3llmq2qg7ahj04qrvshqgi52fsy-direnv-2.37.1",
              "default": true
            }
          ],
          "store_path": "/nix/store/k4zng3llmq2qg7ahj04qrvshqgi52fsy-direnv-2.37.1"
        },
        "aarch64-linux": {
          "outputs": [
            {
              "name": "out",
              "path": "/nix/store/l54175vxpabc0vz12ipmqbpyv33cg57m-direnv-2.37.1",
              "default": true
            }
          ],
          "store_path": "/nix/store/l54175vxpabc0vz12ipmqbpyv33cg57m-direnv-2.37.1"
        },
        "x86_64-darwin": {
          "outputs": [
            {
              "name": "out",
              "path": "/nix/store/52cq14p2zkji62rry0j0dw9fs2n23cyv-direnv-2.37.1",
              "default": true
            }
          ],
          "store_path": "/nix/store/52cq14p2zkji62rry0j0dw9fs2n23cyv-direnv-2.37.1"
        },
        "x86_64-linux": {
          "outputs": [
            {
              "name": "out",
              "path": "/nix/store/gv6dc61q6sprcm3hr69yxnwjn3gwcvsc-direnv-2.37.1",
              "default": true
            }
          ],
          "store_path": "/nix/store/gv6dc61q6sprcm3hr69yxnwjn3gwcvsc-direnv-2.37.1"
        }
      }
    },
    "gh@2": {
      "last_modified": "2026-06-11T10:33:09Z",
      "resolved": "github:NixOS/nixpkgs/8c91a71d13451abc40eb9dae8910f972f979852f#gh",
      "source": "devbox-search",
      "version": "2.94.0",
      "systems": {
        "aarch64-darwin": {
          "outputs": [
            {
              "name": "out",
              "path": "/nix/store/fhnpw0hs0gjms1ha6ap02jq7rx13gkbp-gh-2.94.0",
              "default": true
            }
          ],
          "store_path": "/nix/store/fhnpw0hs0gjms1ha6ap02jq7rx13gkbp-gh-2.94.0"
        },
        "aarch64-linux": {
          "outputs": [
            {
              "name": "out",
              "path": "/nix/store/7hh2qi0gj2ifbxbl56cjzbiyfc379bji-gh-2.94.0",
              "default": true
            }
          ],
          "store_path": "/nix/store/7hh2qi0gj2ifbxbl56cjzbiyfc379bji-gh-2.94.0"
        },
        "x86_64-darwin": {
          "outputs": [
            {
              "name": "out",
              "path": "/nix/store/3ywrz2hvn6gafpms9ll5gr6ka5rismyq-gh-2.94.0",
              "default": true
            }
          ],
          "store_path": "/nix/store/3ywrz2hvn6gafpms9ll5gr6ka5rismyq-gh-2.94.0"
        },
        "x86_64-linux": {
          "outputs": [
            {
              "name": "out",
              "path": "/nix/store/pidh15szlsb1vc41xdsa3xbdghdazvby-gh-2.94.0",
              "default": true
            }
          ],
          "store_path": "/nix/store/pidh15szlsb1vc41xdsa3xbdghdazvby-gh-2.94.0"
        }
      }
    },
    "github:NixOS/nixpkgs/nixpkgs-unstable": {
      "last_modified": "2026-06-16T10:57:20Z",
      "resolved": "github:NixOS/nixpkgs/3e41b24abd260e8f71dbe2f5737d24122f972158?lastModified=1781607440&narHash=sha256-rxO%2Buc%2FKFbSJp%2BpgyXRuAX6QlG9hJdnt0BXpEQRXY%2BU%3D"
    },
    "glow@2": {
      "last_modified": "2026-05-21T08:15:18Z",
      "resolved": "github:NixOS/nixpkgs/4a29d733e8a7d5b824c3d8c958a946a9867b3eb2#glow",
      "source": "devbox-search",
      "version": "2.1.2",
      "systems": {
        "aarch64-darwin": {
          "outputs": [
            {
              "name": "out",
              "path": "/nix/store/ijaq72ysyb9gz5srqx0liahldk0p3zny-glow-2.1.2",
              "default": true
            }
          ],
          "store_path": "/nix/store/ijaq72ysyb9gz5srqx0liahldk0p3zny-glow-2.1.2"
        },
        "aarch64-linux": {
          "outputs": [
            {
              "name": "out",
              "path": "/nix/store/5phnhvcyg6si9jxihgp41frnwcdh3ysp-glow-2.1.2",
              "default": true
            }
          ],
          "store_path": "/nix/store/5phnhvcyg6si9jxihgp41frnwcdh3ysp-glow-2.1.2"
        },
        "x86_64-darwin": {
          "outputs": [
            {
              "name": "out",
              "path": "/nix/store/8dhpzmla3nz1167sk8820jy74ljnw8wf-glow-2.1.2",
              "default": true
            }
          ],
          "store_path": "/nix/store/8dhpzmla3nz1167sk8820jy74ljnw8wf-glow-2.1.2"
        },
        "x86_64-linux": {
          "outputs": [
            {
              "name": "out",
              "path": "/nix/store/hmdr0gqd2r219idqk96sal5qwy6i867s-glow-2.1.2",
              "default": true
            }
          ],
          "store_path": "/nix/store/hmdr0gqd2r219idqk96sal5qwy6i867s-glow-2.1.2"
        }
      }
    },
    "nodejs-slim@24": {
      "last_modified": "2026-06-13T14:05:44Z",
      "resolved": "github:NixOS/nixpkgs/9f11f828c213641c2369a9f1fa31fe31557e3156#nodejs-slim",
      "source": "devbox-search",
      "version": "24.15.0",
      "systems": {
        "aarch64-darwin": {
          "outputs": [
            {
              "name": "out",
              "path": "/nix/store/4366l8b6kz1f2sxq6243rfs53grc73zz-nodejs-slim-24.15.0",
              "default": true
            },
            {
              "name": "libv8",
              "path": "/nix/store/dw3i9zmh6p6p8h0ac5wc2rp2zqi22jl9-nodejs-slim-24.15.0-libv8"
            },
            {
              "name": "npm",
              "path": "/nix/store/l5hp40l8wa03j18zbnfpbabvp5d4lw82-nodejs-slim-24.15.0-npm"
            },
            {
              "name": "corepack",
              "path": "/nix/store/q2cd2d4via0g4k92ffga65a0dsybm7na-nodejs-slim-24.15.0-corepack"
            },
            {
              "name": "dev",
              "path": "/nix/store/0ab520bg0zaj03jj4dzwisdbqig5z4l6-nodejs-slim-24.15.0-dev"
            }
          ],
          "store_path": "/nix/store/4366l8b6kz1f2sxq6243rfs53grc73zz-nodejs-slim-24.15.0"
        },
        "aarch64-linux": {
          "outputs": [
            {
              "name": "out",
              "path": "/nix/store/2qxdj2gxwckn22v4h78v1ijr4m6swfmj-nodejs-slim-24.15.0",
              "default": true
            },
            {
              "name": "dev",
              "path": "/nix/store/vlzqwpsyb260jpavf47as6i7kn036kvi-nodejs-slim-24.15.0-dev"
            },
            {
              "name": "libv8",
              "path": "/nix/store/hcqiiv9l1y09pmp5kh4pac33y4d6rss2-nodejs-slim-24.15.0-libv8"
            },
            {
              "name": "npm",
              "path": "/nix/store/k6xvg2vn1dz0fqjc68c2jnzmbakdmdp6-nodejs-slim-24.15.0-npm"
            },
            {
              "name": "corepack",
              "path": "/nix/store/mz4s7fqvq9z3p139wr33na0hwiw36yj9-nodejs-slim-24.15.0-corepack"
            }
          ],
          "store_path": "/nix/store/2qxdj2gxwckn22v4h78v1ijr4m6swfmj-nodejs-slim-24.15.0"
        },
        "x86_64-darwin": {
          "outputs": [
            {
              "name": "out",
              "path": "/nix/store/jni6dbiv7ihywbp70zix5g8nx9akmcn3-nodejs-slim-24.15.0",
              "default": true
            },
            {
              "name": "corepack",
              "path": "/nix/store/jqllggkxmq013iwqypzpjyagfs7vzbg4-nodejs-slim-24.15.0-corepack"
            },
            {
              "name": "dev",
              "path": "/nix/store/klwycgrys2lshbs820p46i38jjsb71fw-nodejs-slim-24.15.0-dev"
            },
            {
              "name": "libv8",
              "path": "/nix/store/s9nivn4my67zx06l44q7sl1yrzbda7f4-nodejs-slim-24.15.0-libv8"
            },
            {
              "name": "npm",
              "path": "/nix/store/sdf3j9ni3x1j6vns4hb1yrf75pi41xp9-nodejs-slim-24.15.0-npm"
            }
          ],
          "store_path": "/nix/store/jni6dbiv7ihywbp70zix5g8nx9akmcn3-nodejs-slim-24.15.0"
        },
        "x86_64-linux": {
          "outputs": [
            {
              "name": "out",
              "path": "/nix/store/q1r7qkrnbhakljr4j228v2yi2874jkl9-nodejs-slim-24.15.0",
              "default": true
            },
            {
              "name": "corepack",
              "path": "/nix/store/6plsadgnfakc13sjwcqjskb672pws2yw-nodejs-slim-24.15.0-corepack"
            },
            {
              "name": "dev",
              "path": "/nix/store/g92zwc10l4clznizbwncdpa3lsfg9a99-nodejs-slim-24.15.0-dev"
            },
            {
              "name": "libv8",
              "path": "/nix/store/4czajckssv9nzxxki1ivb6x6wshqcx46-nodejs-slim-24.15.0-libv8"
            },
            {
              "name": "npm",
              "path": "/nix/store/mm1a1wnphf568znv8jsz1gf4476yjhzm-nodejs-slim-24.15.0-npm"
            }
          ],
          "store_path": "/nix/store/q1r7qkrnbhakljr4j228v2yi2874jkl9-nodejs-slim-24.15.0"
        }
      }
    },
    "opencode@1": {
      "last_modified": "2026-06-16T10:57:20Z",
      "resolved": "github:NixOS/nixpkgs/3e41b24abd260e8f71dbe2f5737d24122f972158#opencode",
      "source": "devbox-search",
      "version": "1.17.7",
      "systems": {
        "aarch64-darwin": {
          "outputs": [
            {
              "name": "out",
              "path": "/nix/store/yxclajlc2f9b6wiwa0hazn1xqy42py5x-opencode-1.17.7",
              "default": true
            }
          ],
          "store_path": "/nix/store/yxclajlc2f9b6wiwa0hazn1xqy42py5x-opencode-1.17.7"
        },
        "aarch64-linux": {
          "outputs": [
            {
              "name": "out",
              "path": "/nix/store/l5mkwawxi1d2mpjs93xdf1jp732zy9jx-opencode-1.17.7",
              "default": true
            }
          ],
          "store_path": "/nix/store/l5mkwawxi1d2mpjs93xdf1jp732zy9jx-opencode-1.17.7"
        },
        "x86_64-linux": {
          "outputs": [
            {
              "name": "out",
              "path": "/nix/store/qwaln804k1cgacmzzrgkj7g7shcixg5i-opencode-1.17.7",
              "default": true
            }
          ],
          "store_path": "/nix/store/qwaln804k1cgacmzzrgkj7g7shcixg5i-opencode-1.17.7"
        }
      }
    },
    "openspec@1": {
      "last_modified": "2026-06-11T01:27:03Z",
      "resolved": "github:NixOS/nixpkgs/b503dde361500433ca25a32e8f4d218bf58fb659#openspec",
      "source": "devbox-search",
      "version": "1.4.1",
      "systems": {
        "aarch64-darwin": {
          "outputs": [
            {
              "name": "out",
              "path": "/nix/store/i2a4qzk6flmn3xm5cb6xbdzf2mpjizpp-openspec-1.4.1",
              "default": true
            }
          ],
          "store_path": "/nix/store/i2a4qzk6flmn3xm5cb6xbdzf2mpjizpp-openspec-1.4.1"
        },
        "aarch64-linux": {
          "outputs": [
            {
              "name": "out",
              "path": "/nix/store/n8vlkd75a440cdrk0wv5fc4j0hslgpkj-openspec-1.4.1",
              "default": true
            }
          ],
          "store_path": "/nix/store/n8vlkd75a440cdrk0wv5fc4j0hslgpkj-openspec-1.4.1"
        },
        "x86_64-darwin": {
          "outputs": [
            {
              "name": "out",
              "path": "/nix/store/q616xcx4hvb90dg8bm94208glp1ms11g-openspec-1.4.1",
              "default": true
            }
          ],
          "store_path": "/nix/store/q616xcx4hvb90dg8bm94208glp1ms11g-openspec-1.4.1"
        },
        "x86_64-linux": {
          "outputs": [
            {
              "name": "out",
              "path": "/nix/store/lvmr4p65315l44s0dx44fll5s6nr6a16-openspec-1.4.1",
              "default": true
            }
          ],
          "store_path": "/nix/store/lvmr4p65315l44s0dx44fll5s6nr6a16-openspec-1.4.1"
        }
      }
    },
    "prek@0": {
      "last_modified": "2026-05-21T08:15:18Z",
      "resolved": "github:NixOS/nixpkgs/4a29d733e8a7d5b824c3d8c958a946a9867b3eb2#prek",
      "source": "devbox-search",
      "version": "0.3.11",
      "systems": {
        "aarch64-darwin": {
          "outputs": [
            {
              "name": "out",
              "path": "/nix/store/2zw3fhay0dwfh8hg1dz94ffq0kmdpsyy-prek-0.3.11",
              "default": true
            }
          ],
          "store_path": "/nix/store/2zw3fhay0dwfh8hg1dz94ffq0kmdpsyy-prek-0.3.11"
        },
        "aarch64-linux": {
          "outputs": [
            {
              "name": "out",
              "path": "/nix/store/xkn4x7fg8cj78vf5i924gjgz5rx7kf8h-prek-0.3.11",
              "default": true
            }
          ],
          "store_path": "/nix/store/xkn4x7fg8cj78vf5i924gjgz5rx7kf8h-prek-0.3.11"
        },
        "x86_64-darwin": {
          "outputs": [
            {
              "name": "out",
              "path": "/nix/store/p4gqmc0bv3gfws89zx0ynxk43883869h-prek-0.3.11",
              "default": true
            }
          ],
          "store_path": "/nix/store/p4gqmc0bv3gfws89zx0ynxk43883869h-prek-0.3.11"
        },
        "x86_64-linux": {
          "outputs": [
            {
              "name": "out",
              "path": "/nix/store/py2m9vglskggcyyarm0nha16siw346af-prek-0.3.11",
              "default": true
            }
          ],
          "store_path": "/nix/store/py2m9vglskggcyyarm0nha16siw346af-prek-0.3.11"
        }
      }
    },
    "python@3.14": {
      "last_modified": "2026-05-21T08:15:18Z",
      "resolved": "github:NixOS/nixpkgs/4a29d733e8a7d5b824c3d8c958a946a9867b3eb2#python314",
      "source": "devbox-search",
      "version": "3.14.4",
      "systems": {
        "aarch64-darwin": {
          "outputs": [
            {
              "name": "out",
              "path": "/nix/store/aqilljq85wr5srwy6a9qj0q6qzgb72kn-python3-3.14.4",
              "default": true
            }
          ],
          "store_path": "/nix/store/aqilljq85wr5srwy6a9qj0q6qzgb72kn-python3-3.14.4"
        },
        "aarch64-linux": {
          "outputs": [
            {
              "name": "out",
              "path": "/nix/store/rl4kma7jrdrmy725x7369n7wlmdy9is6-python3-3.14.4",
              "default": true
            },
            {
              "name": "debug",
              "path": "/nix/store/kcvqf2fc6w30g6rf3ycq5h8dyq078vrk-python3-3.14.4-debug"
            }
          ],
          "store_path": "/nix/store/rl4kma7jrdrmy725x7369n7wlmdy9is6-python3-3.14.4"
        },
        "x86_64-darwin": {
          "outputs": [
            {
              "name": "out",
              "path": "/nix/store/jcdipgz053jzsn8j9409d5r751gzh2m2-python3-3.14.4",
              "default": true
            }
          ],
          "store_path": "/nix/store/jcdipgz053jzsn8j9409d5r751gzh2m2-python3-3.14.4"
        },
        "x86_64-linux": {
          "outputs": [
            {
              "name": "out",
              "path": "/nix/store/zrx2128nk8aadnvhjc3n8za9hw08hqx9-python3-3.14.4",
              "default": true
            },
            {
              "name": "debug",
              "path": "/nix/store/nszab758wrnjv9qfi5a5xghqkdwj3pzc-python3-3.14.4-debug"
            }
          ],
          "store_path": "/nix/store/zrx2128nk8aadnvhjc3n8za9hw08hqx9-python3-3.14.4"
        }
      }
    },
    "ripgrep@15": {
      "last_modified": "2026-06-13T05:27:44Z",
      "resolved": "github:NixOS/nixpkgs/5a722a7155bfc9fbe657f28d26b71860d95324bc#ripgrep",
      "source": "devbox-search",
      "version": "15.1.0",
      "systems": {
        "aarch64-darwin": {
          "outputs": [
            {
              "name": "out",
              "path": "/nix/store/1ghai27rqjsa3avyz895yv2hskpslz5d-ripgrep-15.1.0",
              "default": true
            }
          ],
          "store_path": "/nix/store/1ghai27rqjsa3avyz895yv2hskpslz5d-ripgrep-15.1.0"
        },
        "aarch64-linux": {
          "outputs": [
            {
              "name": "out",
              "path": "/nix/store/q8diaci9n2w99wa4c5vvh599a1bqckr1-ripgrep-15.1.0",
              "default": true
            }
          ],
          "store_path": "/nix/store/q8diaci9n2w99wa4c5vvh599a1bqckr1-ripgrep-15.1.0"
        },
        "x86_64-darwin": {
          "outputs": [
            {
              "name": "out",
              "path": "/nix/store/awcw6xygd9qb53glxyrf58yc4vx0aq6s-ripgrep-15.1.0",
              "default": true
            }
          ],
          "store_path": "/nix/store/awcw6xygd9qb53glxyrf58yc4vx0aq6s-ripgrep-15.1.0"
        },
        "x86_64-linux": {
          "outputs": [
            {
              "name": "out",
              "path": "/nix/store/gxcm97c2a4sdnnabigp8mns7y1g5llnd-ripgrep-15.1.0",
              "default": true
            }
          ],
          "store_path": "/nix/store/gxcm97c2a4sdnnabigp8mns7y1g5llnd-ripgrep-15.1.0"
        }
      }
    },
    "shellcheck@0": {
      "last_modified": "2026-05-21T08:15:18Z",
      "resolved": "github:NixOS/nixpkgs/4a29d733e8a7d5b824c3d8c958a946a9867b3eb2#shellcheck",
      "source": "devbox-search",
      "version": "0.11.0",
      "systems": {
        "aarch64-darwin": {
          "outputs": [
            {
              "name": "bin",
              "path": "/nix/store/xpjnkisx2dqf83l5pbwlfzk43hl4inbg-shellcheck-0.11.0-bin",
              "default": true
            },
            {
              "name": "man",
              "path": "/nix/store/s9s65dcmaifyv9vh3k5vf8328sv0mzi3-shellcheck-0.11.0-man",
              "default": true
            },
            {
              "name": "doc",
              "path": "/nix/store/mbxll5l28m6sjjy3wqwwmlirmrbcg2dz-shellcheck-0.11.0-doc",
              "default": true
            },
            {
              "name": "out",
              "path": "/nix/store/in7kbi1l3xggkwlvcqjvlsv8lcvpkx9w-shellcheck-0.11.0"
            }
          ],
          "store_path": "/nix/store/xpjnkisx2dqf83l5pbwlfzk43hl4inbg-shellcheck-0.11.0-bin"
        },
        "aarch64-linux": {
          "outputs": [
            {
              "name": "bin",
              "path": "/nix/store/hqajavk4av9v6l08h1xsfz19rwsir85y-shellcheck-0.11.0-bin",
              "default": true
            },
            {
              "name": "man",
              "path": "/nix/store/jpdzs6ywlqmxbmzim0b8flrwc9ac94vz-shellcheck-0.11.0-man",
              "default": true
            },
            {
              "name": "doc",
              "path": "/nix/store/gdjj2q6jwgjj14c72hwss2zxww5hxvbm-shellcheck-0.11.0-doc",
              "default": true
            },
            {
              "name": "out",
              "path": "/nix/store/bg01hij699rpkg2q0fhghdyma1zf3vmc-shellcheck-0.11.0"
            }
          ],
          "store_path": "/nix/store/hqajavk4av9v6l08h1xsfz19rwsir85y-shellcheck-0.11.0-bin"
        },
        "x86_64-darwin": {
          "outputs": [
            {
              "name": "bin",
              "path": "/nix/store/hn2l442nhcahcb8cvhf9g7nymzczciyi-shellcheck-0.11.0-bin",
              "default": true
            },
            {
              "name": "man",
              "path": "/nix/store/y781lm7p97zggqqw4wyl9r13z5fj7jgx-shellcheck-0.11.0-man",
              "default": true
            },
            {
              "name": "doc",
              "path": "/nix/store/rjfwbcm3kpfvsvskybl64b1qwzlnnw5g-shellcheck-0.11.0-doc",
              "default": true
            },
            {
              "name": "out",
              "path": "/nix/store/wlb6zh8kjhfhaywhksn3mq2gmbarvmns-shellcheck-0.11.0"
            }
          ],
          "store_path": "/nix/store/hn2l442nhcahcb8cvhf9g7nymzczciyi-shellcheck-0.11.0-bin"
        },
        "x86_64-linux": {
          "outputs": [
            {
              "name": "bin",
              "path": "/nix/store/2lfacwyvxpllrq9jpbyz7z4v4lc3wnr9-shellcheck-0.11.0-bin",
              "default": true
            },
            {
              "name": "man",
              "path": "/nix/store/0504zfbbnxm2dgnkj0pal11nv09i1g2p-shellcheck-0.11.0-man",
              "default": true
            },
            {
              "name": "doc",
              "path": "/nix/store/qbmc0kv3ddridry1w7rdc124an8fk895-shellcheck-0.11.0-doc",
              "default": true
            },
            {
              "name": "out",
              "path": "/nix/store/pmk1wsbpsxkaa33mrigc72iln3pvy9r2-shellcheck-0.11.0"
            }
          ],
          "store_path": "/nix/store/2lfacwyvxpllrq9jpbyz7z4v4lc3wnr9-shellcheck-0.11.0-bin"
        }
      }
    },
    "shfmt@3": {
      "last_modified": "2026-05-21T08:15:18Z",
      "resolved": "github:NixOS/nixpkgs/4a29d733e8a7d5b824c3d8c958a946a9867b3eb2#shfmt",
      "source": "devbox-search",
      "version": "3.13.1",
      "systems": {
        "aarch64-darwin": {
          "outputs": [
            {
              "name": "out",
              "path": "/nix/store/gbw6zr048ikmz80x3s7f6z4nwvx8v6sl-shfmt-3.13.1",
              "default": true
            }
          ],
          "store_path": "/nix/store/gbw6zr048ikmz80x3s7f6z4nwvx8v6sl-shfmt-3.13.1"
        },
        "aarch64-linux": {
          "outputs": [
            {
              "name": "out",
              "path": "/nix/store/w4vqgvf57x6h7sy8hmwzggd46sz3s916-shfmt-3.13.1",
              "default": true
            }
          ],
          "store_path": "/nix/store/w4vqgvf57x6h7sy8hmwzggd46sz3s916-shfmt-3.13.1"
        },
        "x86_64-darwin": {
          "outputs": [
            {
              "name": "out",
              "path": "/nix/store/nhbm55khl7hfqj49bgqxhn2a5p4r9d1a-shfmt-3.13.1",
              "default": true
            }
          ],
          "store_path": "/nix/store/nhbm55khl7hfqj49bgqxhn2a5p4r9d1a-shfmt-3.13.1"
        },
        "x86_64-linux": {
          "outputs": [
            {
              "name": "out",
              "path": "/nix/store/hyjd216vnfpm7md7llw5vjakd5n2xj1d-shfmt-3.13.1",
              "default": true
            }
          ],
          "store_path": "/nix/store/hyjd216vnfpm7md7llw5vjakd5n2xj1d-shfmt-3.13.1"
        }
      }
    },
    "uv@0": {
      "last_modified": "2026-06-11T01:27:03Z",
      "resolved": "github:NixOS/nixpkgs/b503dde361500433ca25a32e8f4d218bf58fb659#uv",
      "source": "devbox-search",
      "version": "0.11.19",
      "systems": {
        "aarch64-darwin": {
          "outputs": [
            {
              "name": "out",
              "path": "/nix/store/85f6iib2zbi10bkkimkazkin1iv2b7nc-uv-0.11.19",
              "default": true
            }
          ],
          "store_path": "/nix/store/85f6iib2zbi10bkkimkazkin1iv2b7nc-uv-0.11.19"
        },
        "aarch64-linux": {
          "outputs": [
            {
              "name": "out",
              "path": "/nix/store/d247y1hg4d7hb38h3bnb6r503qy2ky78-uv-0.11.19",
              "default": true
            }
          ],
          "store_path": "/nix/store/d247y1hg4d7hb38h3bnb6r503qy2ky78-uv-0.11.19"
        },
        "x86_64-darwin": {
          "outputs": [
            {
              "name": "out",
              "path": "/nix/store/285wms6br1rpnjydfl1x1qd82bvvrhc1-uv-0.11.19",
              "default": true
            }
          ],
          "store_path": "/nix/store/285wms6br1rpnjydfl1x1qd82bvvrhc1-uv-0.11.19"
        },
        "x86_64-linux": {
          "outputs": [
            {
              "name": "out",
              "path": "/nix/store/2xqsvim09lc968bc67w0jvxpp2j4lfm5-uv-0.11.19",
              "default": true
            }
          ],
          "store_path": "/nix/store/2xqsvim09lc968bc67w0jvxpp2j4lfm5-uv-0.11.19"
        }
      }
    }
  }
}
